
Microsoft Visual Studio Solution File, Format Version 12.00
# Visual Studio Version 17
VisualStudioVersion = 17.4.33205.214
MinimumVisualStudioVersion = 10.0.40219.1
Project("{FAE04EC0-301F-11D3-BF4B-00C04F79EFBC}") = "23-02-2024_LAB", "23-02-2024_LAB\23-02-2024_LAB.csproj", "{A8CB5C11-4F97-4A9A-A50B-C11C813E2196}"
EndProject
Global
	GlobalSection(SolutionConfigurationPlatforms) = preSolution
		Debug|Any CPU = Debug|Any CPU
		Release|Any CPU = Release|Any CPU
	EndGlobalSection
	GlobalSection(ProjectConfigurationPlatforms) = postSolution
		{A8CB5C11-4F97-4A9A-A50B-C11C813E2196}.Debug|Any CPU.ActiveCfg = Debug|Any CPU
		{A8CB5C11-4F97-4A9A-A50B-C11C813E2196}.Debug|Any CPU.Build.0 = Debug|Any CPU
		{A8CB5C11-4F97-4A9A-A50B-C11C813E2196}.Release|Any CPU.ActiveCfg = Release|Any CPU
		{A8CB5C11-4F97-4A9A-A50B-C11C813E2196}.Release|Any CPU.Build.0 = Release|Any CPU
	EndGlobalSection
	GlobalSection(SolutionProperties) = preSolution
		HideSolutionNode = FALSE
	EndGlobalSection
	GlobalSection(ExtensibilityGlobals) = postSolution
		SolutionGuid = {46DC160D-B7B8-4215-8B4E-BCC223F47A22}
	EndGlobalSection
EndGlobal
